
Microsoft Visual Studio Solution File, Format Version 12.00
# Visual Studio Version 16
VisualStudioVersion = 16.0.29613.14
MinimumVisualStudioVersion = 10.0.40219.1
Project("{FAE04EC0-301F-11D3-BF4B-00C04F79EFBC}") = "PresentationLayer", "Task4\PresentationLayer.csproj", "{4FE22DD8-DD35-451B-8DE1-FB9331961BD7}"
EndProject
Project("{FAE04EC0-301F-11D3-BF4B-00C04F79EFBC}") = "DataAccessLayer", "DataAccessLayer\DataAccessLayer.csproj", "{E6EFE0BA-D2F1-48AC-AD90-4BEFD19A9A61}"
EndProject
Project("{FAE04EC0-301F-11D3-BF4B-00C04F79EFBC}") = "BusinessLayer", "BusinessLayer\BusinessLayer.csproj", "{E94E9DF1-3D51-4D62-B43F-445CEF749E15}"
EndProject
Global
	GlobalSection(SolutionConfigurationPlatforms) = preSolution
		Debug|Any CPU = Debug|Any CPU
		Release|Any CPU = Release|Any CPU
	EndGlobalSection
	GlobalSection(ProjectConfigurationPlatforms) = postSolution
		{4FE22DD8-DD35-451B-8DE1-FB9331961BD7}.Debug|Any CPU.ActiveCfg = Debug|Any CPU
		{4FE22DD8-DD35-451B-8DE1-FB9331961BD7}.Debug|Any CPU.Build.0 = Debug|Any CPU
		{4FE22DD8-DD35-451B-8DE1-FB9331961BD7}.Release|Any CPU.ActiveCfg = Release|Any CPU
		{4FE22DD8-DD35-451B-8DE1-FB9331961BD7}.Release|Any CPU.Build.0 = Release|Any CPU
		{E6EFE0BA-D2F1-48AC-AD90-4BEFD19A9A61}.Debug|Any CPU.ActiveCfg = Debug|Any CPU
		{E6EFE0BA-D2F1-48AC-AD90-4BEFD19A9A61}.Debug|Any CPU.Build.0 = Debug|Any CPU
		{E6EFE0BA-D2F1-48AC-AD90-4BEFD19A9A61}.Release|Any CPU.ActiveCfg = Release|Any CPU
		{E6EFE0BA-D2F1-48AC-AD90-4BEFD19A9A61}.Release|Any CPU.Build.0 = Release|Any CPU
		{E94E9DF1-3D51-4D62-B43F-445CEF749E15}.Debug|Any CPU.ActiveCfg = Debug|Any CPU
		{E94E9DF1-3D51-4D62-B43F-445CEF749E15}.Debug|Any CPU.Build.0 = Debug|Any CPU
		{E94E9DF1-3D51-4D62-B43F-445CEF749E15}.Release|Any CPU.ActiveCfg = Release|Any CPU
		{E94E9DF1-3D51-4D62-B43F-445CEF749E15}.Release|Any CPU.Build.0 = Release|Any CPU
	EndGlobalSection
	GlobalSection(SolutionProperties) = preSolution
		HideSolutionNode = FALSE
	EndGlobalSection
	GlobalSection(ExtensibilityGlobals) = postSolution
		SolutionGuid = {B0E495AD-D858-4FD3-866B-77FE1D85495F}
	EndGlobalSection
EndGlobal
